
Microsoft Visual Studio Solution File, Format Version 12.00
# Visual Studio Version 17
VisualStudioVersion = 17.6.33723.286
MinimumVisualStudioVersion = 10.0.40219.1
Project("{8BC9CEB8-8B4A-11D0-8D11-00A0C91BC942}") = "declaringvariables", "declaringvariables\declaringvariables.vcxproj", "{148D68B1-7739-4114-88A0-9D987735CEDD}"
EndProject
Global
	GlobalSection(SolutionConfigurationPlatforms) = preSolution
		Debug|x64 = Debug|x64
		Debug|x86 = Debug|x86
		Release|x64 = Release|x64
		Release|x86 = Release|x86
	EndGlobalSection
	GlobalSection(ProjectConfigurationPlatforms) = postSolution
		{148D68B1-7739-4114-88A0-9D987735CEDD}.Debug|x64.ActiveCfg = Debug|x64
		{148D68B1-7739-4114-88A0-9D987735CEDD}.Debug|x64.Build.0 = Debug|x64
		{148D68B1-7739-4114-88A0-9D987735CEDD}.Debug|x86.ActiveCfg = Debug|Win32
		{148D68B1-7739-4114-88A0-9D987735CEDD}.Debug|x86.Build.0 = Debug|Win32
		{148D68B1-7739-4114-88A0-9D987735CEDD}.Release|x64.ActiveCfg = Release|x64
		{148D68B1-7739-4114-88A0-9D987735CEDD}.Release|x64.Build.0 = Release|x64
		{148D68B1-7739-4114-88A0-9D987735CEDD}.Release|x86.ActiveCfg = Release|Win32
		{148D68B1-7739-4114-88A0-9D987735CEDD}.Release|x86.Build.0 = Release|Win32
	EndGlobalSection
	GlobalSection(SolutionProperties) = preSolution
		HideSolutionNode = FALSE
	EndGlobalSection
	GlobalSection(ExtensibilityGlobals) = postSolution
		SolutionGuid = {D2F3C2D5-1419-45B7-9281-99748759A766}
	EndGlobalSection
EndGlobal
